
Microsoft Visual Studio Solution File, Format Version 12.00
# Visual Studio 15
VisualStudioVersion = 15.0.26730.12
MinimumVisualStudioVersion = 10.0.40219.1
Project("{FAE04EC0-301F-11D3-BF4B-00C04F79EFBC}") = "calculus", "calculus\calculus.csproj", "{B2878ADA-0DC9-4D39-91F1-A24ABD8A0E28}"
EndProject
Global
	GlobalSection(SolutionConfigurationPlatforms) = preSolution
		Debug|Any CPU = Debug|Any CPU
		Release|Any CPU = Release|Any CPU
	EndGlobalSection
	GlobalSection(ProjectConfigurationPlatforms) = postSolution
		{B2878ADA-0DC9-4D39-91F1-A24ABD8A0E28}.Debug|Any CPU.ActiveCfg = Debug|Any CPU
		{B2878ADA-0DC9-4D39-91F1-A24ABD8A0E28}.Debug|Any CPU.Build.0 = Debug|Any CPU
		{B2878ADA-0DC9-4D39-91F1-A24ABD8A0E28}.Release|Any CPU.ActiveCfg = Release|Any CPU
		{B2878ADA-0DC9-4D39-91F1-A24ABD8A0E28}.Release|Any CPU.Build.0 = Release|Any CPU
	EndGlobalSection
	GlobalSection(SolutionProperties) = preSolution
		HideSolutionNode = FALSE
	EndGlobalSection
	GlobalSection(ExtensibilityGlobals) = postSolution
		SolutionGuid = {5BFBA20A-1FFC-4A60-8C9E-9AC00DD4BCF3}
	EndGlobalSection
EndGlobal
